// !$*UTF8*$!
{
	archiveVersion = 1;
	classes = {
	};
	objectVersion = 77;
	objects = {

/* Begin PBXBuildFile section */
		04340828997477930E99F81A /* SearchView.swift in Sources */ = {isa = PBXBuildFile; fileRef = 54F12CB6F1EAFE7CD0D2EA0B /* SearchView.swift */; };
		0AA334B933CDD99CD44B193A /* CoreText.swift in Sources */ = {isa = PBXBuildFile; fileRef = 1B05570F6D2D158F88010FCE /* CoreText.swift */; };
		0C5EF80A9FF794522F200AFB /* ListeningStorageTests.swift in Sources */ = {isa = PBXBuildFile; fileRef = ECE5605D2FF7E4BC7AECCEA2 /* ListeningStorageTests.swift */; };
		11044CCCBB76A34268BC6521 /* AudiobookshelfTVApp.swift in Sources */ = {isa = PBXBuildFile; fileRef = 3FBB1C5D529D5EFE2F534838 /* AudiobookshelfTVApp.swift */; };
		11E2E926C53DBE09F898C780 /* TVDiagnostics.swift in Sources */ = {isa = PBXBuildFile; fileRef = 822B6FA0E64728CDF9DC236C /* TVDiagnostics.swift */; };
		13C344A8B52041C2C257DD7B /* DiagnosticReport.swift in Sources */ = {isa = PBXBuildFile; fileRef = 6BD018C18F208B867AD4F0EC /* DiagnosticReport.swift */; };
		1564A8A3B8C4AE9200CF2D21 /* PublicationLedger.swift in Sources */ = {isa = PBXBuildFile; fileRef = 0D107819095F53DE7C2B312F /* PublicationLedger.swift */; };
		330CB53B211087B4D196F3DD /* CatalogJourney.swift in Sources */ = {isa = PBXBuildFile; fileRef = F62DB3250E0BAC22A4FA78B3 /* CatalogJourney.swift */; };
		3518B88C73C31C85709E1C85 /* ListeningStats.swift in Sources */ = {isa = PBXBuildFile; fileRef = B9DCF54C11B37504BA508579 /* ListeningStats.swift */; };
		35C5D7D134E993E156E44C5E /* AppleNetworkPolicy.swift in Sources */ = {isa = PBXBuildFile; fileRef = 33CF260A393526D34AD39F20 /* AppleNetworkPolicy.swift */; };
		36078078332730C389B72106 /* OfflineAudio.swift in Sources */ = {isa = PBXBuildFile; fileRef = 0E5A7FADE8DB257513CBE566 /* OfflineAudio.swift */; };
		3663DE343A05663BF98ECCA6 /* PodcastJourney.swift in Sources */ = {isa = PBXBuildFile; fileRef = E8B31EF42F36CE7A230B28F4 /* PodcastJourney.swift */; };
		36F158C1075AC3CE473DC5FB /* NativeLanguage.swift in Sources */ = {isa = PBXBuildFile; fileRef = 0202BA2A93AB75BA20AF1D16 /* NativeLanguage.swift */; };
		38950C817DAB40C293DB9DC5 /* CatalogStoreTests.swift in Sources */ = {isa = PBXBuildFile; fileRef = 135BB43ECEB37379B7AE3630 /* CatalogStoreTests.swift */; };
		3B95AC7609006D67C4F509AC /* NowPlayingView.swift in Sources */ = {isa = PBXBuildFile; fileRef = 05FE311F10522D8719513EB5 /* NowPlayingView.swift */; };
		3DF60CBF1F580E63630E890D /* NativeNavigation.swift in Sources */ = {isa = PBXBuildFile; fileRef = B7C5E7F6ECF7EA6EDC66C298 /* NativeNavigation.swift */; };
		409D41253AE8E8455CD512EE /* RelatedAuthorSeries.swift in Sources */ = {isa = PBXBuildFile; fileRef = 89FFE7452AE233275CAC0A16 /* RelatedAuthorSeries.swift */; };
		449DA4ED8C22A891485A8DC6 /* ApplePlayback.swift in Sources */ = {isa = PBXBuildFile; fileRef = 46D1347C28F681CD8D2533F3 /* ApplePlayback.swift */; };
		470B841E12FA752EAB3C4D81 /* ItemDetailView.swift in Sources */ = {isa = PBXBuildFile; fileRef = F59C7FA52BC8C86AB78FD34E /* ItemDetailView.swift */; };
		4755673A3393723E50F062C9 /* APIClient.swift in Sources */ = {isa = PBXBuildFile; fileRef = 80DFEB1C064A24D44B3F15CE /* APIClient.swift */; };
		4F1C481495CEBE8D7A3EB5C2 /* RootView.swift in Sources */ = {isa = PBXBuildFile; fileRef = D11495E1C66F7E695A1F3872 /* RootView.swift */; };
		611F21B8CA412F2735C761F4 /* RecoveryJourney.swift in Sources */ = {isa = PBXBuildFile; fileRef = A19DDF6F0EA4566595251D33 /* RecoveryJourney.swift */; };
		65B454B5420A07F920A3F927 /* ItemServerActions.swift in Sources */ = {isa = PBXBuildFile; fileRef = DE3415E0FDD33594D8AAB1FD /* ItemServerActions.swift */; };
		67F2A90924279B551829C46C /* ListeningStorage.swift in Sources */ = {isa = PBXBuildFile; fileRef = 41C24D086B4F909DF500A65A /* ListeningStorage.swift */; };
		6ACF14FCF495F3298896CE62 /* ReadinessJourney.swift in Sources */ = {isa = PBXBuildFile; fileRef = 4A04E81294E99047AF6D81FE /* ReadinessJourney.swift */; };
		6D1D84D03C60DD6B034A41C9 /* NativeGlassControls.swift in Sources */ = {isa = PBXBuildFile; fileRef = C0AD23FC843CB2C071D6A2C0 /* NativeGlassControls.swift */; };
		6DCB18F2B7D05D1F8ED23239 /* RealtimeChange.swift in Sources */ = {isa = PBXBuildFile; fileRef = 380936A0F1F2B853D4DE948D /* RealtimeChange.swift */; };
		6F031BD9071178AE81D6B1A8 /* HomeView.swift in Sources */ = {isa = PBXBuildFile; fileRef = 7CADF70A698F318EFF42CF0B /* HomeView.swift */; };
		6FB70223C819A7434F27747E /* ServerEvents.swift in Sources */ = {isa = PBXBuildFile; fileRef = 715D7E78790E973158A68378 /* ServerEvents.swift */; };
		7EA618B6C4A97C000619531D /* NativeStrings.swift in Sources */ = {isa = PBXBuildFile; fileRef = 8205CF6D4EF82FEF2C34DC75 /* NativeStrings.swift */; };
		8CC56959FBDA408B0DC136DF /* DiagnosticLog.swift in Sources */ = {isa = PBXBuildFile; fileRef = 099239ACAF408CD70D642DBB /* DiagnosticLog.swift */; };
		90BAA58FF739E83E825A2751 /* CatalogStore.swift in Sources */ = {isa = PBXBuildFile; fileRef = 659342124C81DC7C5E07BB3A /* CatalogStore.swift */; };
		917E944D857BC42FA92CAEE3 /* LibraryView.swift in Sources */ = {isa = PBXBuildFile; fileRef = CE22E9CB2F259AC21DBE966D /* LibraryView.swift */; };
		918C833A12209C49FEF99F95 /* FormatTests.swift in Sources */ = {isa = PBXBuildFile; fileRef = E658F1503F524B5E48D2954E /* FormatTests.swift */; };
		A00ADDE49FE9507689823D66 /* MediaRestart.swift in Sources */ = {isa = PBXBuildFile; fileRef = 9022EA791A627A7442A89C24 /* MediaRestart.swift */; };
		A1BD679FCDAD002CB258C6F9 /* LibraryBrowser.swift in Sources */ = {isa = PBXBuildFile; fileRef = 02865B4E245C3AA23D5FD475 /* LibraryBrowser.swift */; };
		A4DD27B94E49EECC148A38A0 /* Assets.xcassets in Resources */ = {isa = PBXBuildFile; fileRef = ABA1E0404BA6403B2756A289 /* Assets.xcassets */; };
		A68A56DCE1EC148EE9C11C3D /* TVPlayer.swift in Sources */ = {isa = PBXBuildFile; fileRef = E7C9CC8D7EA65AD9D300C352 /* TVPlayer.swift */; };
		A84625D913609E565C7440F4 /* TVJourney.swift in Sources */ = {isa = PBXBuildFile; fileRef = FEF2CDC828B2A12C335D7310 /* TVJourney.swift */; };
		B5588A53439584F39D4D3E82 /* Models.swift in Sources */ = {isa = PBXBuildFile; fileRef = 53716A31D8B3AF4CD758EAD6 /* Models.swift */; };
		B8964FB5A649C587A984FA9A /* MediaRestartTests.swift in Sources */ = {isa = PBXBuildFile; fileRef = 332457F05987951E12386A3F /* MediaRestartTests.swift */; };
		C15F528265CAA6DD4DF54C45 /* NativeStrings.strings in Resources */ = {isa = PBXBuildFile; fileRef = 0D20A772BBBE44F2BA0EF48D /* NativeStrings.strings */; };
		C7462279F9B9275D8FB81BE3 /* CoreTextInstallation.swift in Sources */ = {isa = PBXBuildFile; fileRef = AF6886FC9D2F5AE7BE5EFE76 /* CoreTextInstallation.swift */; };
		D0D5A748BF180431003D11AB /* KeychainCredentials.swift in Sources */ = {isa = PBXBuildFile; fileRef = 081251E538B89B11DDF39642 /* KeychainCredentials.swift */; };
		D1C721FBF3B35F932E24EC29 /* RelatedJourney.swift in Sources */ = {isa = PBXBuildFile; fileRef = 0F1A278300353A6B51E55684 /* RelatedJourney.swift */; };
		D93FFC82AAEBCA9267D073B3 /* AudioGroups.swift in Sources */ = {isa = PBXBuildFile; fileRef = 7B9472E7E35E51A76197DDA4 /* AudioGroups.swift */; };
		DA973AB3619984694D8DBE32 /* TVLanguage.swift in Sources */ = {isa = PBXBuildFile; fileRef = 3418FFA625D2BB245142C89A /* TVLanguage.swift */; };
		DBC4E3E6EA8696B3A669B37F /* Components.swift in Sources */ = {isa = PBXBuildFile; fileRef = C52E71D72F2DEC6F50454606 /* Components.swift */; };
		DEF9918C82DD950C0F276DF8 /* SettingsView.swift in Sources */ = {isa = PBXBuildFile; fileRef = 29ECC1816295436CA510BFB9 /* SettingsView.swift */; };
		E23322425B5AEF0FFEE7C971 /* PodcastFeedEpisode.swift in Sources */ = {isa = PBXBuildFile; fileRef = 05AFE981F5A76A43B2FBD9CD /* PodcastFeedEpisode.swift */; };
		E8F9CBE05B9C920FB22A7C05 /* ListeningJournal.swift in Sources */ = {isa = PBXBuildFile; fileRef = 5DF06F6BBACFE7D396671B39 /* ListeningJournal.swift */; };
		EBF542D0AA8D6B7A9A5EDD7E /* DiagnosticRedactor.swift in Sources */ = {isa = PBXBuildFile; fileRef = AC22CA0557C4ADE1E5B9AED9 /* DiagnosticRedactor.swift */; };
		F03F6EE481F0B6B062F37887 /* ListeningSync.swift in Sources */ = {isa = PBXBuildFile; fileRef = B6AB6A2975B73CF339FA4BF2 /* ListeningSync.swift */; };
		F4C45706D928EA8973C5B8C7 /* PlaybackJourney.swift in Sources */ = {isa = PBXBuildFile; fileRef = C1A714830F6BAB41AEED2B8E /* PlaybackJourney.swift */; };
		F89461ACDF6103ABFA7B3AD7 /* SignInView.swift in Sources */ = {isa = PBXBuildFile; fileRef = C850184BDFFE0D3242B9874A /* SignInView.swift */; };
		FE7B5FBA00BE5AE3A19108C8 /* AuthorSeries.swift in Sources */ = {isa = PBXBuildFile; fileRef = 1D1EA6D3BFEC5636C2C61191 /* AuthorSeries.swift */; };
/* End PBXBuildFile section */

/* Begin PBXContainerItemProxy section */
		27C2FB470E7BE0486D1F7579 /* PBXContainerItemProxy */ = {
			isa = PBXContainerItemProxy;
			containerPortal = C2AE9DF828595E5A9AD0C4DF /* Project object */;
			proxyType = 1;
			remoteGlobalIDString = B2092862DCECB1354BF9D175;
			remoteInfo = AudiobookshelfTV;
		};
		AA6EECD505FDFF3C8CEEB755 /* PBXContainerItemProxy */ = {
			isa = PBXContainerItemProxy;
			containerPortal = C2AE9DF828595E5A9AD0C4DF /* Project object */;
			proxyType = 1;
			remoteGlobalIDString = B2092862DCECB1354BF9D175;
			remoteInfo = AudiobookshelfTV;
		};
/* End PBXContainerItemProxy section */

/* Begin PBXFileReference section */
		0202BA2A93AB75BA20AF1D16 /* NativeLanguage.swift */ = {isa = PBXFileReference; lastKnownFileType = sourcecode.swift; path = NativeLanguage.swift; sourceTree = "<group>"; };
		02865B4E245C3AA23D5FD475 /* LibraryBrowser.swift */ = {isa = PBXFileReference; lastKnownFileType = sourcecode.swift; path = LibraryBrowser.swift; sourceTree = "<group>"; };
		05AFE981F5A76A43B2FBD9CD /* PodcastFeedEpisode.swift */ = {isa = PBXFileReference; lastKnownFileType = sourcecode.swift; path = PodcastFeedEpisode.swift; sourceTree = "<group>"; };
		05FE311F10522D8719513EB5 /* NowPlayingView.swift */ = {isa = PBXFileReference; lastKnownFileType = sourcecode.swift; path = NowPlayingView.swift; sourceTree = "<group>"; };
		081251E538B89B11DDF39642 /* KeychainCredentials.swift */ = {isa = PBXFileReference; lastKnownFileType = sourcecode.swift; path = KeychainCredentials.swift; sourceTree = "<group>"; };
		099239ACAF408CD70D642DBB /* DiagnosticLog.swift */ = {isa = PBXFileReference; lastKnownFileType = sourcecode.swift; path = DiagnosticLog.swift; sourceTree = "<group>"; };
		0CBCEC8BDA722B226561C86D /* sv */ = {isa = PBXFileReference; lastKnownFileType = text.plist.strings; name = sv; path = sv.lproj/NativeStrings.strings; sourceTree = "<group>"; };
		0D00C42D38300D13DEE5AA61 /* fi */ = {isa = PBXFileReference; lastKnownFileType = text.plist.strings; name = fi; path = fi.lproj/NativeStrings.strings; sourceTree = "<group>"; };
		0D107819095F53DE7C2B312F /* PublicationLedger.swift */ = {isa = PBXFileReference; lastKnownFileType = sourcecode.swift; path = PublicationLedger.swift; sourceTree = "<group>"; };
		0D130F710C0062EAF0378A51 /* ca */ = {isa = PBXFileReference; lastKnownFileType = text.plist.strings; name = ca; path = ca.lproj/NativeStrings.strings; sourceTree = "<group>"; };
		0E5A7FADE8DB257513CBE566 /* OfflineAudio.swift */ = {isa = PBXFileReference; lastKnownFileType = sourcecode.swift; path = OfflineAudio.swift; sourceTree = "<group>"; };
		0F1A278300353A6B51E55684 /* RelatedJourney.swift */ = {isa = PBXFileReference; lastKnownFileType = sourcecode.swift; path = RelatedJourney.swift; sourceTree = "<group>"; };
		1209DD3E8B5B4675A54A6D09 /* it */ = {isa = PBXFileReference; lastKnownFileType = text.plist.strings; name = it; path = it.lproj/NativeStrings.strings; sourceTree = "<group>"; };
		135BB43ECEB37379B7AE3630 /* CatalogStoreTests.swift */ = {isa = PBXFileReference; lastKnownFileType = sourcecode.swift; path = CatalogStoreTests.swift; sourceTree = "<group>"; };
		1918624BA0B47D41546F08A5 /* ru */ = {isa = PBXFileReference; lastKnownFileType = text.plist.strings; name = ru; path = ru.lproj/NativeStrings.strings; sourceTree = "<group>"; };
		1B05570F6D2D158F88010FCE /* CoreText.swift */ = {isa = PBXFileReference; lastKnownFileType = sourcecode.swift; path = CoreText.swift; sourceTree = "<group>"; };
		1C76814676C15B27ECEB58D8 /* he */ = {isa = PBXFileReference; lastKnownFileType = text.plist.strings; name = he; path = he.lproj/NativeStrings.strings; sourceTree = "<group>"; };
		1D1EA6D3BFEC5636C2C61191 /* AuthorSeries.swift */ = {isa = PBXFileReference; lastKnownFileType = sourcecode.swift; path = AuthorSeries.swift; sourceTree = "<group>"; };
		21C85F3169BED3F0858DE44D /* sk */ = {isa = PBXFileReference; lastKnownFileType = text.plist.strings; name = sk; path = sk.lproj/NativeStrings.strings; sourceTree = "<group>"; };
		25A9391102E62A705E1F1C57 /* vi */ = {isa = PBXFileReference; lastKnownFileType = text.plist.strings; name = vi; path = vi.lproj/NativeStrings.strings; sourceTree = "<group>"; };
		29ECC1816295436CA510BFB9 /* SettingsView.swift */ = {isa = PBXFileReference; lastKnownFileType = sourcecode.swift; path = SettingsView.swift; sourceTree = "<group>"; };
		2E4FC5B9BCD2A7CE35D1E116 /* Info.plist */ = {isa = PBXFileReference; lastKnownFileType = text.plist; path = Info.plist; sourceTree = "<group>"; };
		332457F05987951E12386A3F /* MediaRestartTests.swift */ = {isa = PBXFileReference; lastKnownFileType = sourcecode.swift; path = MediaRestartTests.swift; sourceTree = "<group>"; };
		33CF260A393526D34AD39F20 /* AppleNetworkPolicy.swift */ = {isa = PBXFileReference; lastKnownFileType = sourcecode.swift; path = AppleNetworkPolicy.swift; sourceTree = "<group>"; };
		3418FFA625D2BB245142C89A /* TVLanguage.swift */ = {isa = PBXFileReference; lastKnownFileType = sourcecode.swift; path = TVLanguage.swift; sourceTree = "<group>"; };
		344FE9E115B6DD1B1751B0BC /* AudiobookshelfTV.app */ = {isa = PBXFileReference; includeInIndex = 0; lastKnownFileType = wrapper.application; path = AudiobookshelfTV.app; sourceTree = BUILT_PRODUCTS_DIR; };
		380936A0F1F2B853D4DE948D /* RealtimeChange.swift */ = {isa = PBXFileReference; lastKnownFileType = sourcecode.swift; path = RealtimeChange.swift; sourceTree = "<group>"; };
		3AC6D96B6346EB67302210F5 /* pt-BR */ = {isa = PBXFileReference; lastKnownFileType = text.plist.strings; name = "pt-BR"; path = "pt-BR.lproj/NativeStrings.strings"; sourceTree = "<group>"; };
		3FBB1C5D529D5EFE2F534838 /* AudiobookshelfTVApp.swift */ = {isa = PBXFileReference; lastKnownFileType = sourcecode.swift; path = AudiobookshelfTVApp.swift; sourceTree = "<group>"; };
		41C24D086B4F909DF500A65A /* ListeningStorage.swift */ = {isa = PBXFileReference; lastKnownFileType = sourcecode.swift; path = ListeningStorage.swift; sourceTree = "<group>"; };
		46D1347C28F681CD8D2533F3 /* ApplePlayback.swift */ = {isa = PBXFileReference; lastKnownFileType = sourcecode.swift; path = ApplePlayback.swift; sourceTree = "<group>"; };
		470D8B85FBC72B07522F74E6 /* nl */ = {isa = PBXFileReference; lastKnownFileType = text.plist.strings; name = nl; path = nl.lproj/NativeStrings.strings; sourceTree = "<group>"; };
		4A04E81294E99047AF6D81FE /* ReadinessJourney.swift */ = {isa = PBXFileReference; lastKnownFileType = sourcecode.swift; path = ReadinessJourney.swift; sourceTree = "<group>"; };
		51BB785C4CDF103A704DE12F /* lt */ = {isa = PBXFileReference; lastKnownFileType = text.plist.strings; name = lt; path = lt.lproj/NativeStrings.strings; sourceTree = "<group>"; };
		53716A31D8B3AF4CD758EAD6 /* Models.swift */ = {isa = PBXFileReference; lastKnownFileType = sourcecode.swift; path = Models.swift; sourceTree = "<group>"; };
		54F12CB6F1EAFE7CD0D2EA0B /* SearchView.swift */ = {isa = PBXFileReference; lastKnownFileType = sourcecode.swift; path = SearchView.swift; sourceTree = "<group>"; };
		5BC359CA588363C22D82BCCE /* tr */ = {isa = PBXFileReference; lastKnownFileType = text.plist.strings; name = tr; path = tr.lproj/NativeStrings.strings; sourceTree = "<group>"; };
		5DF06F6BBACFE7D396671B39 /* ListeningJournal.swift */ = {isa = PBXFileReference; lastKnownFileType = sourcecode.swift; path = ListeningJournal.swift; sourceTree = "<group>"; };
		659342124C81DC7C5E07BB3A /* CatalogStore.swift */ = {isa = PBXFileReference; lastKnownFileType = sourcecode.swift; path = CatalogStore.swift; sourceTree = "<group>"; };
		6BD018C18F208B867AD4F0EC /* DiagnosticReport.swift */ = {isa = PBXFileReference; lastKnownFileType = sourcecode.swift; path = DiagnosticReport.swift; sourceTree = "<group>"; };
		6DD81AC9156DEC6AC527A787 /* hr */ = {isa = PBXFileReference; lastKnownFileType = text.plist.strings; name = hr; path = hr.lproj/NativeStrings.strings; sourceTree = "<group>"; };
		715D7E78790E973158A68378 /* ServerEvents.swift */ = {isa = PBXFileReference; lastKnownFileType = sourcecode.swift; path = ServerEvents.swift; sourceTree = "<group>"; };
		727738BFEC1C5B6E817DD698 /* ko */ = {isa = PBXFileReference; lastKnownFileType = text.plist.strings; name = ko; path = ko.lproj/NativeStrings.strings; sourceTree = "<group>"; };
		7B1B5E63A7D78DCC22C85CE8 /* sl */ = {isa = PBXFileReference; lastKnownFileType = text.plist.strings; name = sl; path = sl.lproj/NativeStrings.strings; sourceTree = "<group>"; };
		7B9472E7E35E51A76197DDA4 /* AudioGroups.swift */ = {isa = PBXFileReference; lastKnownFileType = sourcecode.swift; path = AudioGroups.swift; sourceTree = "<group>"; };
		7CADF70A698F318EFF42CF0B /* HomeView.swift */ = {isa = PBXFileReference; lastKnownFileType = sourcecode.swift; path = HomeView.swift; sourceTree = "<group>"; };
		80DFEB1C064A24D44B3F15CE /* APIClient.swift */ = {isa = PBXFileReference; lastKnownFileType = sourcecode.swift; path = APIClient.swift; sourceTree = "<group>"; };
		81E5A5052981EEB2C75062B9 /* fr */ = {isa = PBXFileReference; lastKnownFileType = text.plist.strings; name = fr; path = fr.lproj/NativeStrings.strings; sourceTree = "<group>"; };
		8205CF6D4EF82FEF2C34DC75 /* NativeStrings.swift */ = {isa = PBXFileReference; lastKnownFileType = sourcecode.swift; path = NativeStrings.swift; sourceTree = "<group>"; };
		822B6FA0E64728CDF9DC236C /* TVDiagnostics.swift */ = {isa = PBXFileReference; lastKnownFileType = sourcecode.swift; path = TVDiagnostics.swift; sourceTree = "<group>"; };
		82A2D7F7886088DDC4F547D4 /* nb */ = {isa = PBXFileReference; lastKnownFileType = text.plist.strings; name = nb; path = nb.lproj/NativeStrings.strings; sourceTree = "<group>"; };
		89FFE7452AE233275CAC0A16 /* RelatedAuthorSeries.swift */ = {isa = PBXFileReference; lastKnownFileType = sourcecode.swift; path = RelatedAuthorSeries.swift; sourceTree = "<group>"; };
		9022EA791A627A7442A89C24 /* MediaRestart.swift */ = {isa = PBXFileReference; lastKnownFileType = sourcecode.swift; path = MediaRestart.swift; sourceTree = "<group>"; };
		91CC1E8461A75301B6F74573 /* da */ = {isa = PBXFileReference; lastKnownFileType = text.plist.strings; name = da; path = da.lproj/NativeStrings.strings; sourceTree = "<group>"; };
		94F57EE8CF317DAF4040ECFB /* en */ = {isa = PBXFileReference; lastKnownFileType = text.plist.strings; name = en; path = en.lproj/NativeStrings.strings; sourceTree = "<group>"; };
		94FFEA26785B411DF96FFBB5 /* cs */ = {isa = PBXFileReference; lastKnownFileType = text.plist.strings; name = cs; path = cs.lproj/NativeStrings.strings; sourceTree = "<group>"; };
		9CB469A638E04DFF3DBD2E16 /* zh-Hans */ = {isa = PBXFileReference; lastKnownFileType = text.plist.strings; name = "zh-Hans"; path = "zh-Hans.lproj/NativeStrings.strings"; sourceTree = "<group>"; };
		A19DDF6F0EA4566595251D33 /* RecoveryJourney.swift */ = {isa = PBXFileReference; lastKnownFileType = sourcecode.swift; path = RecoveryJourney.swift; sourceTree = "<group>"; };
		A3CAD1DFD838CD9555E962A2 /* hu */ = {isa = PBXFileReference; lastKnownFileType = text.plist.strings; name = hu; path = hu.lproj/NativeStrings.strings; sourceTree = "<group>"; };
		AA69ED4ADF89F7635009A21B /* uk */ = {isa = PBXFileReference; lastKnownFileType = text.plist.strings; name = uk; path = uk.lproj/NativeStrings.strings; sourceTree = "<group>"; };
		ABA1E0404BA6403B2756A289 /* Assets.xcassets */ = {isa = PBXFileReference; lastKnownFileType = folder.assetcatalog; path = Assets.xcassets; sourceTree = "<group>"; };
		AC22CA0557C4ADE1E5B9AED9 /* DiagnosticRedactor.swift */ = {isa = PBXFileReference; lastKnownFileType = sourcecode.swift; path = DiagnosticRedactor.swift; sourceTree = "<group>"; };
		AF6886FC9D2F5AE7BE5EFE76 /* CoreTextInstallation.swift */ = {isa = PBXFileReference; lastKnownFileType = sourcecode.swift; path = CoreTextInstallation.swift; sourceTree = "<group>"; };
		B6AB6A2975B73CF339FA4BF2 /* ListeningSync.swift */ = {isa = PBXFileReference; lastKnownFileType = sourcecode.swift; path = ListeningSync.swift; sourceTree = "<group>"; };
		B7C5E7F6ECF7EA6EDC66C298 /* NativeNavigation.swift */ = {isa = PBXFileReference; lastKnownFileType = sourcecode.swift; path = NativeNavigation.swift; sourceTree = "<group>"; };
		B9DCF54C11B37504BA508579 /* ListeningStats.swift */ = {isa = PBXFileReference; lastKnownFileType = sourcecode.swift; path = ListeningStats.swift; sourceTree = "<group>"; };
		C0AD23FC843CB2C071D6A2C0 /* NativeGlassControls.swift */ = {isa = PBXFileReference; lastKnownFileType = sourcecode.swift; path = NativeGlassControls.swift; sourceTree = "<group>"; };
		C0C1E64C7B03BD172853A157 /* bn */ = {isa = PBXFileReference; lastKnownFileType = text.plist.strings; name = bn; path = bn.lproj/NativeStrings.strings; sourceTree = "<group>"; };
		C1A714830F6BAB41AEED2B8E /* PlaybackJourney.swift */ = {isa = PBXFileReference; lastKnownFileType = sourcecode.swift; path = PlaybackJourney.swift; sourceTree = "<group>"; };
		C52E71D72F2DEC6F50454606 /* Components.swift */ = {isa = PBXFileReference; lastKnownFileType = sourcecode.swift; path = Components.swift; sourceTree = "<group>"; };
		C5E8E853514EDC80F72D52BE /* es */ = {isa = PBXFileReference; lastKnownFileType = text.plist.strings; name = es; path = es.lproj/NativeStrings.strings; sourceTree = "<group>"; };
		C75BDD5DF2AC541FD486ABFC /* pl */ = {isa = PBXFileReference; lastKnownFileType = text.plist.strings; name = pl; path = pl.lproj/NativeStrings.strings; sourceTree = "<group>"; };
		C75F7A9EF9241195B23ED115 /* de */ = {isa = PBXFileReference; lastKnownFileType = text.plist.strings; name = de; path = de.lproj/NativeStrings.strings; sourceTree = "<group>"; };
		C850184BDFFE0D3242B9874A /* SignInView.swift */ = {isa = PBXFileReference; lastKnownFileType = sourcecode.swift; path = SignInView.swift; sourceTree = "<group>"; };
		CE22E9CB2F259AC21DBE966D /* LibraryView.swift */ = {isa = PBXFileReference; lastKnownFileType = sourcecode.swift; path = LibraryView.swift; sourceTree = "<group>"; };
		CF02F1D1C5724F16779FEF82 /* bg */ = {isa = PBXFileReference; lastKnownFileType = text.plist.strings; name = bg; path = bg.lproj/NativeStrings.strings; sourceTree = "<group>"; };
		D11495E1C66F7E695A1F3872 /* RootView.swift */ = {isa = PBXFileReference; lastKnownFileType = sourcecode.swift; path = RootView.swift; sourceTree = "<group>"; };
		D2657CD6D6A491BCD02A0AF6 /* ar */ = {isa = PBXFileReference; lastKnownFileType = text.plist.strings; name = ar; path = ar.lproj/NativeStrings.strings; sourceTree = "<group>"; };
		DCD793A3AD26FD3D4FAB2A63 /* be */ = {isa = PBXFileReference; lastKnownFileType = text.plist.strings; name = be; path = be.lproj/NativeStrings.strings; sourceTree = "<group>"; };
		DE3415E0FDD33594D8AAB1FD /* ItemServerActions.swift */ = {isa = PBXFileReference; lastKnownFileType = sourcecode.swift; path = ItemServerActions.swift; sourceTree = "<group>"; };
		DFED0402AB7D61A322B0535F /* TVAppTests.xctest */ = {isa = PBXFileReference; includeInIndex = 0; lastKnownFileType = wrapper.cfbundle; path = TVAppTests.xctest; sourceTree = BUILT_PRODUCTS_DIR; };
		E658F1503F524B5E48D2954E /* FormatTests.swift */ = {isa = PBXFileReference; lastKnownFileType = sourcecode.swift; path = FormatTests.swift; sourceTree = "<group>"; };
		E7C9CC8D7EA65AD9D300C352 /* TVPlayer.swift */ = {isa = PBXFileReference; lastKnownFileType = sourcecode.swift; path = TVPlayer.swift; sourceTree = "<group>"; };
		E8B31EF42F36CE7A230B28F4 /* PodcastJourney.swift */ = {isa = PBXFileReference; lastKnownFileType = sourcecode.swift; path = PodcastJourney.swift; sourceTree = "<group>"; };
		ECE5605D2FF7E4BC7AECCEA2 /* ListeningStorageTests.swift */ = {isa = PBXFileReference; lastKnownFileType = sourcecode.swift; path = ListeningStorageTests.swift; sourceTree = "<group>"; };
		F59C7FA52BC8C86AB78FD34E /* ItemDetailView.swift */ = {isa = PBXFileReference; lastKnownFileType = sourcecode.swift; path = ItemDetailView.swift; sourceTree = "<group>"; };
		F62DB3250E0BAC22A4FA78B3 /* CatalogJourney.swift */ = {isa = PBXFileReference; lastKnownFileType = sourcecode.swift; path = CatalogJourney.swift; sourceTree = "<group>"; };
		FE8D8DDC9CBBCF1F06F379BC /* TVJourneyTests.xctest */ = {isa = PBXFileReference; includeInIndex = 0; lastKnownFileType = wrapper.cfbundle; path = TVJourneyTests.xctest; sourceTree = BUILT_PRODUCTS_DIR; };
		FEF2CDC828B2A12C335D7310 /* TVJourney.swift */ = {isa = PBXFileReference; lastKnownFileType = sourcecode.swift; path = TVJourney.swift; sourceTree = "<group>"; };
/* End PBXFileReference section */

/* Begin PBXGroup section */
		065C483595C4A2748D407529 /* UITests */ = {
			isa = PBXGroup;
			children = (
				F62DB3250E0BAC22A4FA78B3 /* CatalogJourney.swift */,
				C1A714830F6BAB41AEED2B8E /* PlaybackJourney.swift */,
				E8B31EF42F36CE7A230B28F4 /* PodcastJourney.swift */,
				4A04E81294E99047AF6D81FE /* ReadinessJourney.swift */,
				A19DDF6F0EA4566595251D33 /* RecoveryJourney.swift */,
				0F1A278300353A6B51E55684 /* RelatedJourney.swift */,
				FEF2CDC828B2A12C335D7310 /* TVJourney.swift */,
			);
			path = UITests;
			sourceTree = "<group>";
		};
		0B897DB71ADD775FF1DC29F4 /* Resources */ = {
			isa = PBXGroup;
			children = (
				0D20A772BBBE44F2BA0EF48D /* NativeStrings.strings */,
			);
			path = Resources;
			sourceTree = "<group>";
		};
		26CE6434BA2E844FBA6675FC /* AppTests */ = {
			isa = PBXGroup;
			children = (
				135BB43ECEB37379B7AE3630 /* CatalogStoreTests.swift */,
				E658F1503F524B5E48D2954E /* FormatTests.swift */,
				ECE5605D2FF7E4BC7AECCEA2 /* ListeningStorageTests.swift */,
				332457F05987951E12386A3F /* MediaRestartTests.swift */,
			);
			path = AppTests;
			sourceTree = "<group>";
		};
		270EF37A46B8D8AE3B7DF276 /* leafwake-fullstack */ = {
			isa = PBXGroup;
			children = (
				F50DE6EBF8B4789DA82BC117 /* apple */,
			);
			name = "leafwake-fullstack";
			path = ..;
			sourceTree = "<group>";
		};
		2BB3E88DA81986E2D3E03AAC /* Localization */ = {
			isa = PBXGroup;
			children = (
				579D323D6A20B95940C60590 /* Sources */,
			);
			path = Localization;
			sourceTree = "<group>";
		};
		4F22B6E17113D37ECF62B276 /* Playback */ = {
			isa = PBXGroup;
			children = (
				33CF260A393526D34AD39F20 /* AppleNetworkPolicy.swift */,
				46D1347C28F681CD8D2533F3 /* ApplePlayback.swift */,
				AF6886FC9D2F5AE7BE5EFE76 /* CoreTextInstallation.swift */,
				41C24D086B4F909DF500A65A /* ListeningStorage.swift */,
				B6AB6A2975B73CF339FA4BF2 /* ListeningSync.swift */,
				0D107819095F53DE7C2B312F /* PublicationLedger.swift */,
			);
			path = Playback;
			sourceTree = "<group>";
		};
		4FEC39698D428FA4C36F381E /* Sources */ = {
			isa = PBXGroup;
			children = (
				5010AB0EBABF7DAC53830E1D /* NativeDiagnostics */,
			);
			path = Sources;
			sourceTree = "<group>";
		};
		5010AB0EBABF7DAC53830E1D /* NativeDiagnostics */ = {
			isa = PBXGroup;
			children = (
				099239ACAF408CD70D642DBB /* DiagnosticLog.swift */,
				AC22CA0557C4ADE1E5B9AED9 /* DiagnosticRedactor.swift */,
				6BD018C18F208B867AD4F0EC /* DiagnosticReport.swift */,
			);
			path = NativeDiagnostics;
			sourceTree = "<group>";
		};
		516E80DCE8840C83243E4BA5 /* App */ = {
			isa = PBXGroup;
			children = (
				ABA1E0404BA6403B2756A289 /* Assets.xcassets */,
				3FBB1C5D529D5EFE2F534838 /* AudiobookshelfTVApp.swift */,
				659342124C81DC7C5E07BB3A /* CatalogStore.swift */,
				C52E71D72F2DEC6F50454606 /* Components.swift */,
				7CADF70A698F318EFF42CF0B /* HomeView.swift */,
				2E4FC5B9BCD2A7CE35D1E116 /* Info.plist */,
				F59C7FA52BC8C86AB78FD34E /* ItemDetailView.swift */,
				081251E538B89B11DDF39642 /* KeychainCredentials.swift */,
				02865B4E245C3AA23D5FD475 /* LibraryBrowser.swift */,
				CE22E9CB2F259AC21DBE966D /* LibraryView.swift */,
				9022EA791A627A7442A89C24 /* MediaRestart.swift */,
				05FE311F10522D8719513EB5 /* NowPlayingView.swift */,
				89FFE7452AE233275CAC0A16 /* RelatedAuthorSeries.swift */,
				D11495E1C66F7E695A1F3872 /* RootView.swift */,
				54F12CB6F1EAFE7CD0D2EA0B /* SearchView.swift */,
				29ECC1816295436CA510BFB9 /* SettingsView.swift */,
				C850184BDFFE0D3242B9874A /* SignInView.swift */,
				822B6FA0E64728CDF9DC236C /* TVDiagnostics.swift */,
				3418FFA625D2BB245142C89A /* TVLanguage.swift */,
				E7C9CC8D7EA65AD9D300C352 /* TVPlayer.swift */,
			);
			path = App;
			sourceTree = "<group>";
		};
		579D323D6A20B95940C60590 /* Sources */ = {
			isa = PBXGroup;
			children = (
				DB7C3EE8FDA76AF54668E126 /* NativeLocalization */,
			);
			path = Sources;
			sourceTree = "<group>";
		};
		6656F8F7B31785E39538B2E3 /* Core */ = {
			isa = PBXGroup;
			children = (
				FD3FDFD3AA3B820E06F9BA8E /* Sources */,
			);
			path = Core;
			sourceTree = "<group>";
		};
		77EBABD0A37ED2ADCA40DE4B = {
			isa = PBXGroup;
			children = (
				516E80DCE8840C83243E4BA5 /* App */,
				26CE6434BA2E844FBA6675FC /* AppTests */,
				6656F8F7B31785E39538B2E3 /* Core */,
				270EF37A46B8D8AE3B7DF276 /* leafwake-fullstack */,
				065C483595C4A2748D407529 /* UITests */,
				C4812AB4C7DA21AECB49105D /* Products */,
			);
			sourceTree = "<group>";
		};
		908D4EF6034ABAC5AB12F395 /* Diagnostics */ = {
			isa = PBXGroup;
			children = (
				4FEC39698D428FA4C36F381E /* Sources */,
			);
			path = Diagnostics;
			sourceTree = "<group>";
		};
		A05C2DB5D6BBC27CD1693767 /* TVCore */ = {
			isa = PBXGroup;
			children = (
				80DFEB1C064A24D44B3F15CE /* APIClient.swift */,
				7B9472E7E35E51A76197DDA4 /* AudioGroups.swift */,
				1D1EA6D3BFEC5636C2C61191 /* AuthorSeries.swift */,
				1B05570F6D2D158F88010FCE /* CoreText.swift */,
				DE3415E0FDD33594D8AAB1FD /* ItemServerActions.swift */,
				5DF06F6BBACFE7D396671B39 /* ListeningJournal.swift */,
				B9DCF54C11B37504BA508579 /* ListeningStats.swift */,
				53716A31D8B3AF4CD758EAD6 /* Models.swift */,
				0E5A7FADE8DB257513CBE566 /* OfflineAudio.swift */,
				05AFE981F5A76A43B2FBD9CD /* PodcastFeedEpisode.swift */,
				380936A0F1F2B853D4DE948D /* RealtimeChange.swift */,
				715D7E78790E973158A68378 /* ServerEvents.swift */,
			);
			path = TVCore;
			sourceTree = "<group>";
		};
		C4812AB4C7DA21AECB49105D /* Products */ = {
			isa = PBXGroup;
			children = (
				344FE9E115B6DD1B1751B0BC /* AudiobookshelfTV.app */,
				DFED0402AB7D61A322B0535F /* TVAppTests.xctest */,
				FE8D8DDC9CBBCF1F06F379BC /* TVJourneyTests.xctest */,
			);
			name = Products;
			sourceTree = "<group>";
		};
		D8E675975F8471642F571A90 /* Presentation */ = {
			isa = PBXGroup;
			children = (
				C0AD23FC843CB2C071D6A2C0 /* NativeGlassControls.swift */,
				B7C5E7F6ECF7EA6EDC66C298 /* NativeNavigation.swift */,
			);
			path = Presentation;
			sourceTree = "<group>";
		};
		DB7C3EE8FDA76AF54668E126 /* NativeLocalization */ = {
			isa = PBXGroup;
			children = (
				0202BA2A93AB75BA20AF1D16 /* NativeLanguage.swift */,
				8205CF6D4EF82FEF2C34DC75 /* NativeStrings.swift */,
				0B897DB71ADD775FF1DC29F4 /* Resources */,
			);
			path = NativeLocalization;
			sourceTree = "<group>";
		};
		F50DE6EBF8B4789DA82BC117 /* apple */ = {
			isa = PBXGroup;
			children = (
				908D4EF6034ABAC5AB12F395 /* Diagnostics */,
				2BB3E88DA81986E2D3E03AAC /* Localization */,
				4F22B6E17113D37ECF62B276 /* Playback */,
				D8E675975F8471642F571A90 /* Presentation */,
			);
			path = apple;
			sourceTree = "<group>";
		};
		FD3FDFD3AA3B820E06F9BA8E /* Sources */ = {
			isa = PBXGroup;
			children = (
				A05C2DB5D6BBC27CD1693767 /* TVCore */,
			);
			path = Sources;
			sourceTree = "<group>";
		};
/* End PBXGroup section */

/* Begin PBXNativeTarget section */
		73793CC66F7D5CE52C81483E /* TVJourneyTests */ = {
			isa = PBXNativeTarget;
			buildConfigurationList = 0A48D5AAD6D4B5D326B260BC /* Build configuration list for PBXNativeTarget "TVJourneyTests" */;
			buildPhases = (
				01B6AD4A7F40CFADA9CF215A /* Sources */,
			);
			buildRules = (
			);
			dependencies = (
				B9EA03AD04DDB86913A4EE1C /* PBXTargetDependency */,
			);
			name = TVJourneyTests;
			packageProductDependencies = (
			);
			productName = TVJourneyTests;
			productReference = FE8D8DDC9CBBCF1F06F379BC /* TVJourneyTests.xctest */;
			productType = "com.apple.product-type.bundle.ui-testing";
		};
		811604307BC8F00AFF7C064D /* TVAppTests */ = {
			isa = PBXNativeTarget;
			buildConfigurationList = F97865C9397F53A2DB22432F /* Build configuration list for PBXNativeTarget "TVAppTests" */;
			buildPhases = (
				84BA851797C1347D17F99008 /* Sources */,
			);
			buildRules = (
			);
			dependencies = (
				29536256EBA1A23338A46970 /* PBXTargetDependency */,
			);
			name = TVAppTests;
			packageProductDependencies = (
			);
			productName = TVAppTests;
			productReference = DFED0402AB7D61A322B0535F /* TVAppTests.xctest */;
			productType = "com.apple.product-type.bundle.unit-test";
		};
		B2092862DCECB1354BF9D175 /* AudiobookshelfTV */ = {
			isa = PBXNativeTarget;
			buildConfigurationList = D5782252ACD8E1C9F73BBACD /* Build configuration list for PBXNativeTarget "AudiobookshelfTV" */;
			buildPhases = (
				124B60058FCEC7F900F505AC /* Sources */,
				6A403C76897A5B937E804157 /* Resources */,
			);
			buildRules = (
			);
			dependencies = (
			);
			name = AudiobookshelfTV;
			packageProductDependencies = (
			);
			productName = AudiobookshelfTV;
			productReference = 344FE9E115B6DD1B1751B0BC /* AudiobookshelfTV.app */;
			productType = "com.apple.product-type.application";
		};
/* End PBXNativeTarget section */

/* Begin PBXProject section */
		C2AE9DF828595E5A9AD0C4DF /* Project object */ = {
			isa = PBXProject;
			attributes = {
				BuildIndependentTargetsInParallel = YES;
				LastUpgradeCheck = 1430;
				TargetAttributes = {
					73793CC66F7D5CE52C81483E = {
						DevelopmentTeam = C7X9BCC7LP;
						ProvisioningStyle = Automatic;
						TestTargetID = B2092862DCECB1354BF9D175;
					};
					811604307BC8F00AFF7C064D = {
						DevelopmentTeam = C7X9BCC7LP;
						ProvisioningStyle = Automatic;
					};
					B2092862DCECB1354BF9D175 = {
						DevelopmentTeam = C7X9BCC7LP;
						ProvisioningStyle = Automatic;
					};
				};
			};
			buildConfigurationList = 01C740371B95E6B8DAE051B4 /* Build configuration list for PBXProject "AudiobookshelfTV" */;
			developmentRegion = en;
			hasScannedForEncodings = 0;
			knownRegions = (
				Base,
				ar,
				be,
				bg,
				bn,
				ca,
				cs,
				da,
				de,
				en,
				es,
				fi,
				fr,
				he,
				hr,
				hu,
				it,
				ko,
				lt,
				nb,
				nl,
				pl,
				"pt-BR",
				ru,
				sk,
				sl,
				sv,
				tr,
				uk,
				vi,
				"zh-Hans",
			);
			mainGroup = 77EBABD0A37ED2ADCA40DE4B;
			minimizedProjectReferenceProxies = 1;
			preferredProjectObjectVersion = 77;
			productRefGroup = C4812AB4C7DA21AECB49105D /* Products */;
			projectDirPath = "";
			projectRoot = "";
			targets = (
				B2092862DCECB1354BF9D175 /* AudiobookshelfTV */,
				73793CC66F7D5CE52C81483E /* TVJourneyTests */,
				811604307BC8F00AFF7C064D /* TVAppTests */,
			);
		};
/* End PBXProject section */

/* Begin PBXResourcesBuildPhase section */
		6A403C76897A5B937E804157 /* Resources */ = {
			isa = PBXResourcesBuildPhase;
			buildActionMask = 2147483647;
			files = (
				A4DD27B94E49EECC148A38A0 /* Assets.xcassets in Resources */,
				C15F528265CAA6DD4DF54C45 /* NativeStrings.strings in Resources */,
			);
			runOnlyForDeploymentPostprocessing = 0;
		};
/* End PBXResourcesBuildPhase section */

/* Begin PBXSourcesBuildPhase section */
		01B6AD4A7F40CFADA9CF215A /* Sources */ = {
			isa = PBXSourcesBuildPhase;
			buildActionMask = 2147483647;
			files = (
				330CB53B211087B4D196F3DD /* CatalogJourney.swift in Sources */,
				F4C45706D928EA8973C5B8C7 /* PlaybackJourney.swift in Sources */,
				3663DE343A05663BF98ECCA6 /* PodcastJourney.swift in Sources */,
				6ACF14FCF495F3298896CE62 /* ReadinessJourney.swift in Sources */,
				611F21B8CA412F2735C761F4 /* RecoveryJourney.swift in Sources */,
				D1C721FBF3B35F932E24EC29 /* RelatedJourney.swift in Sources */,
				A84625D913609E565C7440F4 /* TVJourney.swift in Sources */,
			);
			runOnlyForDeploymentPostprocessing = 0;
		};
		124B60058FCEC7F900F505AC /* Sources */ = {
			isa = PBXSourcesBuildPhase;
			buildActionMask = 2147483647;
			files = (
				4755673A3393723E50F062C9 /* APIClient.swift in Sources */,
				35C5D7D134E993E156E44C5E /* AppleNetworkPolicy.swift in Sources */,
				449DA4ED8C22A891485A8DC6 /* ApplePlayback.swift in Sources */,
				D93FFC82AAEBCA9267D073B3 /* AudioGroups.swift in Sources */,
				11044CCCBB76A34268BC6521 /* AudiobookshelfTVApp.swift in Sources */,
				FE7B5FBA00BE5AE3A19108C8 /* AuthorSeries.swift in Sources */,
				90BAA58FF739E83E825A2751 /* CatalogStore.swift in Sources */,
				DBC4E3E6EA8696B3A669B37F /* Components.swift in Sources */,
				0AA334B933CDD99CD44B193A /* CoreText.swift in Sources */,
				C7462279F9B9275D8FB81BE3 /* CoreTextInstallation.swift in Sources */,
				8CC56959FBDA408B0DC136DF /* DiagnosticLog.swift in Sources */,
				EBF542D0AA8D6B7A9A5EDD7E /* DiagnosticRedactor.swift in Sources */,
				13C344A8B52041C2C257DD7B /* DiagnosticReport.swift in Sources */,
				6F031BD9071178AE81D6B1A8 /* HomeView.swift in Sources */,
				470B841E12FA752EAB3C4D81 /* ItemDetailView.swift in Sources */,
				65B454B5420A07F920A3F927 /* ItemServerActions.swift in Sources */,
				D0D5A748BF180431003D11AB /* KeychainCredentials.swift in Sources */,
				A1BD679FCDAD002CB258C6F9 /* LibraryBrowser.swift in Sources */,
				917E944D857BC42FA92CAEE3 /* LibraryView.swift in Sources */,
				E8F9CBE05B9C920FB22A7C05 /* ListeningJournal.swift in Sources */,
				3518B88C73C31C85709E1C85 /* ListeningStats.swift in Sources */,
				67F2A90924279B551829C46C /* ListeningStorage.swift in Sources */,
				F03F6EE481F0B6B062F37887 /* ListeningSync.swift in Sources */,
				A00ADDE49FE9507689823D66 /* MediaRestart.swift in Sources */,
				B5588A53439584F39D4D3E82 /* Models.swift in Sources */,
				6D1D84D03C60DD6B034A41C9 /* NativeGlassControls.swift in Sources */,
				36F158C1075AC3CE473DC5FB /* NativeLanguage.swift in Sources */,
				3DF60CBF1F580E63630E890D /* NativeNavigation.swift in Sources */,
				7EA618B6C4A97C000619531D /* NativeStrings.swift in Sources */,
				3B95AC7609006D67C4F509AC /* NowPlayingView.swift in Sources */,
				36078078332730C389B72106 /* OfflineAudio.swift in Sources */,
				E23322425B5AEF0FFEE7C971 /* PodcastFeedEpisode.swift in Sources */,
				1564A8A3B8C4AE9200CF2D21 /* PublicationLedger.swift in Sources */,
				6DCB18F2B7D05D1F8ED23239 /* RealtimeChange.swift in Sources */,
				409D41253AE8E8455CD512EE /* RelatedAuthorSeries.swift in Sources */,
				4F1C481495CEBE8D7A3EB5C2 /* RootView.swift in Sources */,
				04340828997477930E99F81A /* SearchView.swift in Sources */,
				6FB70223C819A7434F27747E /* ServerEvents.swift in Sources */,
				DEF9918C82DD950C0F276DF8 /* SettingsView.swift in Sources */,
				F89461ACDF6103ABFA7B3AD7 /* SignInView.swift in Sources */,
				11E2E926C53DBE09F898C780 /* TVDiagnostics.swift in Sources */,
				DA973AB3619984694D8DBE32 /* TVLanguage.swift in Sources */,
				A68A56DCE1EC148EE9C11C3D /* TVPlayer.swift in Sources */,
			);
			runOnlyForDeploymentPostprocessing = 0;
		};
		84BA851797C1347D17F99008 /* Sources */ = {
			isa = PBXSourcesBuildPhase;
			buildActionMask = 2147483647;
			files = (
				38950C817DAB40C293DB9DC5 /* CatalogStoreTests.swift in Sources */,
				918C833A12209C49FEF99F95 /* FormatTests.swift in Sources */,
				0C5EF80A9FF794522F200AFB /* ListeningStorageTests.swift in Sources */,
				B8964FB5A649C587A984FA9A /* MediaRestartTests.swift in Sources */,
			);
			runOnlyForDeploymentPostprocessing = 0;
		};
/* End PBXSourcesBuildPhase section */

/* Begin PBXTargetDependency section */
		29536256EBA1A23338A46970 /* PBXTargetDependency */ = {
			isa = PBXTargetDependency;
			target = B2092862DCECB1354BF9D175 /* AudiobookshelfTV */;
			targetProxy = 27C2FB470E7BE0486D1F7579 /* PBXContainerItemProxy */;
		};
		B9EA03AD04DDB86913A4EE1C /* PBXTargetDependency */ = {
			isa = PBXTargetDependency;
			target = B2092862DCECB1354BF9D175 /* AudiobookshelfTV */;
			targetProxy = AA6EECD505FDFF3C8CEEB755 /* PBXContainerItemProxy */;
		};
/* End PBXTargetDependency section */

/* Begin PBXVariantGroup section */
		0D20A772BBBE44F2BA0EF48D /* NativeStrings.strings */ = {
			isa = PBXVariantGroup;
			children = (
				D2657CD6D6A491BCD02A0AF6 /* ar */,
				DCD793A3AD26FD3D4FAB2A63 /* be */,
				CF02F1D1C5724F16779FEF82 /* bg */,
				C0C1E64C7B03BD172853A157 /* bn */,
				0D130F710C0062EAF0378A51 /* ca */,
				94FFEA26785B411DF96FFBB5 /* cs */,
				91CC1E8461A75301B6F74573 /* da */,
				C75F7A9EF9241195B23ED115 /* de */,
				94F57EE8CF317DAF4040ECFB /* en */,
				C5E8E853514EDC80F72D52BE /* es */,
				0D00C42D38300D13DEE5AA61 /* fi */,
				81E5A5052981EEB2C75062B9 /* fr */,
				1C76814676C15B27ECEB58D8 /* he */,
				6DD81AC9156DEC6AC527A787 /* hr */,
				A3CAD1DFD838CD9555E962A2 /* hu */,
				1209DD3E8B5B4675A54A6D09 /* it */,
				727738BFEC1C5B6E817DD698 /* ko */,
				51BB785C4CDF103A704DE12F /* lt */,
				82A2D7F7886088DDC4F547D4 /* nb */,
				470D8B85FBC72B07522F74E6 /* nl */,
				C75BDD5DF2AC541FD486ABFC /* pl */,
				3AC6D96B6346EB67302210F5 /* pt-BR */,
				1918624BA0B47D41546F08A5 /* ru */,
				21C85F3169BED3F0858DE44D /* sk */,
				7B1B5E63A7D78DCC22C85CE8 /* sl */,
				0CBCEC8BDA722B226561C86D /* sv */,
				5BC359CA588363C22D82BCCE /* tr */,
				AA69ED4ADF89F7635009A21B /* uk */,
				25A9391102E62A705E1F1C57 /* vi */,
				9CB469A638E04DFF3DBD2E16 /* zh-Hans */,
			);
			name = NativeStrings.strings;
			sourceTree = "<group>";
		};
/* End PBXVariantGroup section */

/* Begin XCBuildConfiguration section */
		23844D156388D46308C8DC9B /* Debug */ = {
			isa = XCBuildConfiguration;
			buildSettings = {
				ALWAYS_SEARCH_USER_PATHS = NO;
				CLANG_ANALYZER_NONNULL = YES;
				CLANG_ANALYZER_NUMBER_OBJECT_CONVERSION = YES_AGGRESSIVE;
				CLANG_CXX_LANGUAGE_STANDARD = "gnu++14";
				CLANG_CXX_LIBRARY = "libc++";
				CLANG_ENABLE_MODULES = YES;
				CLANG_ENABLE_OBJC_ARC = YES;
				CLANG_ENABLE_OBJC_WEAK = YES;
				CLANG_WARN_BLOCK_CAPTURE_AUTORELEASING = YES;
				CLANG_WARN_BOOL_CONVERSION = YES;
				CLANG_WARN_COMMA = YES;
				CLANG_WARN_CONSTANT_CONVERSION = YES;
				CLANG_WARN_DEPRECATED_OBJC_IMPLEMENTATIONS = YES;
				CLANG_WARN_DIRECT_OBJC_ISA_USAGE = YES_ERROR;
				CLANG_WARN_DOCUMENTATION_COMMENTS = YES;
				CLANG_WARN_EMPTY_BODY = YES;
				CLANG_WARN_ENUM_CONVERSION = YES;
				CLANG_WARN_INFINITE_RECURSION = YES;
				CLANG_WARN_INT_CONVERSION = YES;
				CLANG_WARN_NON_LITERAL_NULL_CONVERSION = YES;
				CLANG_WARN_OBJC_IMPLICIT_RETAIN_SELF = YES;
				CLANG_WARN_OBJC_LITERAL_CONVERSION = YES;
				CLANG_WARN_OBJC_ROOT_CLASS = YES_ERROR;
				CLANG_WARN_QUOTED_INCLUDE_IN_FRAMEWORK_HEADER = YES;
				CLANG_WARN_RANGE_LOOP_ANALYSIS = YES;
				CLANG_WARN_STRICT_PROTOTYPES = YES;
				CLANG_WARN_SUSPICIOUS_MOVE = YES;
				CLANG_WARN_UNGUARDED_AVAILABILITY = YES_AGGRESSIVE;
				CLANG_WARN_UNREACHABLE_CODE = YES;
				CLANG_WARN__DUPLICATE_METHOD_MATCH = YES;
				CODE_SIGN_STYLE = Automatic;
				COPY_PHASE_STRIP = NO;
				CURRENT_PROJECT_VERSION = 1;
				DEBUG_INFORMATION_FORMAT = dwarf;
				DEVELOPMENT_TEAM = C7X9BCC7LP;
				ENABLE_STRICT_OBJC_MSGSEND = YES;
				ENABLE_TESTABILITY = YES;
				GCC_C_LANGUAGE_STANDARD = gnu11;
				GCC_DYNAMIC_NO_PIC = NO;
				GCC_NO_COMMON_BLOCKS = YES;
				GCC_OPTIMIZATION_LEVEL = 0;
				GCC_PREPROCESSOR_DEFINITIONS = (
					"$(inherited)",
					"DEBUG=1",
				);
				GCC_WARN_64_TO_32_BIT_CONVERSION = YES;
				GCC_WARN_ABOUT_RETURN_TYPE = YES_ERROR;
				GCC_WARN_UNDECLARED_SELECTOR = YES;
				GCC_WARN_UNINITIALIZED_AUTOS = YES_AGGRESSIVE;
				GCC_WARN_UNUSED_FUNCTION = YES;
				GCC_WARN_UNUSED_VARIABLE = YES;
				MARKETING_VERSION = 1.0.0;
				MTL_ENABLE_DEBUG_INFO = INCLUDE_SOURCE;
				MTL_FAST_MATH = YES;
				ONLY_ACTIVE_ARCH = YES;
				PRODUCT_NAME = "$(TARGET_NAME)";
				SDKROOT = appletvos;
				SWIFT_ACTIVE_COMPILATION_CONDITIONS = DEBUG;
				SWIFT_OPTIMIZATION_LEVEL = "-Onone";
				SWIFT_VERSION = 5.9;
				TVOS_DEPLOYMENT_TARGET = 17.0;
			};
			name = Debug;
		};
		2646C8B9FC47531FD2AA3A6F /* Debug */ = {
			isa = XCBuildConfiguration;
			buildSettings = {
				ASSETCATALOG_COMPILER_APPICON_NAME = "App Icon & Top Shelf Image";
				ASSETCATALOG_COMPILER_LAUNCHIMAGE_NAME = LaunchImage;
				GENERATE_INFOPLIST_FILE = YES;
				INFOPLIST_FILE = App/Info.plist;
				INFOPLIST_KEY_CFBundleDisplayName = "Audiobook Loft";
				INFOPLIST_KEY_ITSAppUsesNonExemptEncryption = NO;
				INFOPLIST_KEY_NSAppTransportSecurity_NSAllowsArbitraryLoads = YES;
				INFOPLIST_KEY_NSLocalNetworkUsageDescription = "Connect to your Audiobook Loft or compatible Audiobookshelf server on your local network.";
				INFOPLIST_KEY_UILaunchScreen_Generation = YES;
				LD_RUNPATH_SEARCH_PATHS = (
					"$(inherited)",
					"@executable_path/Frameworks",
				);
				PRODUCT_BUNDLE_IDENTIFIER = com.forkzed.audiobookshelf.tv;
				PRODUCT_NAME = AudiobookshelfTV;
				SDKROOT = appletvos;
				TARGETED_DEVICE_FAMILY = 3;
			};
			name = Debug;
		};
		3D69E9B2C9A0FE1AD45B53FA /* Release */ = {
			isa = XCBuildConfiguration;
			buildSettings = {
				BUNDLE_LOADER = "$(TEST_HOST)";
				GENERATE_INFOPLIST_FILE = YES;
				LD_RUNPATH_SEARCH_PATHS = (
					"$(inherited)",
					"@executable_path/Frameworks",
					"@loader_path/Frameworks",
				);
				PRODUCT_BUNDLE_IDENTIFIER = com.forkzed.audiobookshelf.tv.apptests;
				SDKROOT = appletvos;
				TARGETED_DEVICE_FAMILY = 3;
				TEST_HOST = "$(BUILT_PRODUCTS_DIR)/AudiobookshelfTV.app/AudiobookshelfTV";
			};
			name = Release;
		};
		7BEEFC1F8A8A2F3FFB46E636 /* Debug */ = {
			isa = XCBuildConfiguration;
			buildSettings = {
				BUNDLE_LOADER = "$(TEST_HOST)";
				GENERATE_INFOPLIST_FILE = YES;
				LD_RUNPATH_SEARCH_PATHS = (
					"$(inherited)",
					"@executable_path/Frameworks",
					"@loader_path/Frameworks",
				);
				PRODUCT_BUNDLE_IDENTIFIER = com.forkzed.audiobookshelf.tv.uitests;
				SDKROOT = appletvos;
				TARGETED_DEVICE_FAMILY = 3;
				TEST_TARGET_NAME = AudiobookshelfTV;
			};
			name = Debug;
		};
		D77FB10FEC5FB0346685301C /* Release */ = {
			isa = XCBuildConfiguration;
			buildSettings = {
				ALWAYS_SEARCH_USER_PATHS = NO;
				CLANG_ANALYZER_NONNULL = YES;
				CLANG_ANALYZER_NUMBER_OBJECT_CONVERSION = YES_AGGRESSIVE;
				CLANG_CXX_LANGUAGE_STANDARD = "gnu++14";
				CLANG_CXX_LIBRARY = "libc++";
				CLANG_ENABLE_MODULES = YES;
				CLANG_ENABLE_OBJC_ARC = YES;
				CLANG_ENABLE_OBJC_WEAK = YES;
				CLANG_WARN_BLOCK_CAPTURE_AUTORELEASING = YES;
				CLANG_WARN_BOOL_CONVERSION = YES;
				CLANG_WARN_COMMA = YES;
				CLANG_WARN_CONSTANT_CONVERSION = YES;
				CLANG_WARN_DEPRECATED_OBJC_IMPLEMENTATIONS = YES;
				CLANG_WARN_DIRECT_OBJC_ISA_USAGE = YES_ERROR;
				CLANG_WARN_DOCUMENTATION_COMMENTS = YES;
				CLANG_WARN_EMPTY_BODY = YES;
				CLANG_WARN_ENUM_CONVERSION = YES;
				CLANG_WARN_INFINITE_RECURSION = YES;
				CLANG_WARN_INT_CONVERSION = YES;
				CLANG_WARN_NON_LITERAL_NULL_CONVERSION = YES;
				CLANG_WARN_OBJC_IMPLICIT_RETAIN_SELF = YES;
				CLANG_WARN_OBJC_LITERAL_CONVERSION = YES;
				CLANG_WARN_OBJC_ROOT_CLASS = YES_ERROR;
				CLANG_WARN_QUOTED_INCLUDE_IN_FRAMEWORK_HEADER = YES;
				CLANG_WARN_RANGE_LOOP_ANALYSIS = YES;
				CLANG_WARN_STRICT_PROTOTYPES = YES;
				CLANG_WARN_SUSPICIOUS_MOVE = YES;
				CLANG_WARN_UNGUARDED_AVAILABILITY = YES_AGGRESSIVE;
				CLANG_WARN_UNREACHABLE_CODE = YES;
				CLANG_WARN__DUPLICATE_METHOD_MATCH = YES;
				CODE_SIGN_STYLE = Automatic;
				COPY_PHASE_STRIP = NO;
				CURRENT_PROJECT_VERSION = 1;
				DEBUG_INFORMATION_FORMAT = "dwarf-with-dsym";
				DEVELOPMENT_TEAM = C7X9BCC7LP;
				ENABLE_NS_ASSERTIONS = NO;
				ENABLE_STRICT_OBJC_MSGSEND = YES;
				GCC_C_LANGUAGE_STANDARD = gnu11;
				GCC_NO_COMMON_BLOCKS = YES;
				GCC_WARN_64_TO_32_BIT_CONVERSION = YES;
				GCC_WARN_ABOUT_RETURN_TYPE = YES_ERROR;
				GCC_WARN_UNDECLARED_SELECTOR = YES;
				GCC_WARN_UNINITIALIZED_AUTOS = YES_AGGRESSIVE;
				GCC_WARN_UNUSED_FUNCTION = YES;
				GCC_WARN_UNUSED_VARIABLE = YES;
				MARKETING_VERSION = 1.0.0;
				MTL_ENABLE_DEBUG_INFO = NO;
				MTL_FAST_MATH = YES;
				PRODUCT_NAME = "$(TARGET_NAME)";
				SDKROOT = appletvos;
				SWIFT_COMPILATION_MODE = wholemodule;
				SWIFT_OPTIMIZATION_LEVEL = "-O";
				SWIFT_VERSION = 5.9;
				TVOS_DEPLOYMENT_TARGET = 17.0;
			};
			name = Release;
		};
		E0EC3293CC26B73638A225E1 /* Debug */ = {
			isa = XCBuildConfiguration;
			buildSettings = {
				BUNDLE_LOADER = "$(TEST_HOST)";
				GENERATE_INFOPLIST_FILE = YES;
				LD_RUNPATH_SEARCH_PATHS = (
					"$(inherited)",
					"@executable_path/Frameworks",
					"@loader_path/Frameworks",
				);
				PRODUCT_BUNDLE_IDENTIFIER = com.forkzed.audiobookshelf.tv.apptests;
				SDKROOT = appletvos;
				TARGETED_DEVICE_FAMILY = 3;
				TEST_HOST = "$(BUILT_PRODUCTS_DIR)/AudiobookshelfTV.app/AudiobookshelfTV";
			};
			name = Debug;
		};
		E8D470380D7320925357B549 /* Release */ = {
			isa = XCBuildConfiguration;
			buildSettings = {
				ASSETCATALOG_COMPILER_APPICON_NAME = "App Icon & Top Shelf Image";
				ASSETCATALOG_COMPILER_LAUNCHIMAGE_NAME = LaunchImage;
				GENERATE_INFOPLIST_FILE = YES;
				INFOPLIST_FILE = App/Info.plist;
				INFOPLIST_KEY_CFBundleDisplayName = "Audiobook Loft";
				INFOPLIST_KEY_ITSAppUsesNonExemptEncryption = NO;
				INFOPLIST_KEY_NSAppTransportSecurity_NSAllowsArbitraryLoads = YES;
				INFOPLIST_KEY_NSLocalNetworkUsageDescription = "Connect to your Audiobook Loft or compatible Audiobookshelf server on your local network.";
				INFOPLIST_KEY_UILaunchScreen_Generation = YES;
				LD_RUNPATH_SEARCH_PATHS = (
					"$(inherited)",
					"@executable_path/Frameworks",
				);
				PRODUCT_BUNDLE_IDENTIFIER = com.forkzed.audiobookshelf.tv;
				PRODUCT_NAME = AudiobookshelfTV;
				SDKROOT = appletvos;
				TARGETED_DEVICE_FAMILY = 3;
			};
			name = Release;
		};
		FA4632C03DDA38D9F19E40D0 /* Release */ = {
			isa = XCBuildConfiguration;
			buildSettings = {
				BUNDLE_LOADER = "$(TEST_HOST)";
				GENERATE_INFOPLIST_FILE = YES;
				LD_RUNPATH_SEARCH_PATHS = (
					"$(inherited)",
					"@executable_path/Frameworks",
					"@loader_path/Frameworks",
				);
				PRODUCT_BUNDLE_IDENTIFIER = com.forkzed.audiobookshelf.tv.uitests;
				SDKROOT = appletvos;
				TARGETED_DEVICE_FAMILY = 3;
				TEST_TARGET_NAME = AudiobookshelfTV;
			};
			name = Release;
		};
/* End XCBuildConfiguration section */

/* Begin XCConfigurationList section */
		01C740371B95E6B8DAE051B4 /* Build configuration list for PBXProject "AudiobookshelfTV" */ = {
			isa = XCConfigurationList;
			buildConfigurations = (
				23844D156388D46308C8DC9B /* Debug */,
				D77FB10FEC5FB0346685301C /* Release */,
			);
			defaultConfigurationIsVisible = 0;
			defaultConfigurationName = Debug;
		};
		0A48D5AAD6D4B5D326B260BC /* Build configuration list for PBXNativeTarget "TVJourneyTests" */ = {
			isa = XCConfigurationList;
			buildConfigurations = (
				7BEEFC1F8A8A2F3FFB46E636 /* Debug */,
				FA4632C03DDA38D9F19E40D0 /* Release */,
			);
			defaultConfigurationIsVisible = 0;
			defaultConfigurationName = Debug;
		};
		D5782252ACD8E1C9F73BBACD /* Build configuration list for PBXNativeTarget "AudiobookshelfTV" */ = {
			isa = XCConfigurationList;
			buildConfigurations = (
				2646C8B9FC47531FD2AA3A6F /* Debug */,
				E8D470380D7320925357B549 /* Release */,
			);
			defaultConfigurationIsVisible = 0;
			defaultConfigurationName = Debug;
		};
		F97865C9397F53A2DB22432F /* Build configuration list for PBXNativeTarget "TVAppTests" */ = {
			isa = XCConfigurationList;
			buildConfigurations = (
				E0EC3293CC26B73638A225E1 /* Debug */,
				3D69E9B2C9A0FE1AD45B53FA /* Release */,
			);
			defaultConfigurationIsVisible = 0;
			defaultConfigurationName = Debug;
		};
/* End XCConfigurationList section */
	};
	rootObject = C2AE9DF828595E5A9AD0C4DF /* Project object */;
}
